
Microsoft Visual Studio Solution File, Format Version 12.00
# Visual Studio Version 16
VisualStudioVersion = 16.0.31313.79
MinimumVisualStudioVersion = 10.0.40219.1
Project("{FAE04EC0-301F-11D3-BF4B-00C04F79EFBC}") = "testDemo", "testDemo.csproj", "{4D975CA5-510A-45CF-820E-FF67A2F73D6B}"
EndProject
Global
	GlobalSection(SolutionConfigurationPlatforms) = preSolution
		Debug|Any CPU = Debug|Any CPU
		Release|Any CPU = Release|Any CPU
	EndGlobalSection
	GlobalSection(ProjectConfigurationPlatforms) = postSolution
		{4D975CA5-510A-45CF-820E-FF67A2F73D6B}.Debug|Any CPU.ActiveCfg = Debug|Any CPU
		{4D975CA5-510A-45CF-820E-FF67A2F73D6B}.Debug|Any CPU.Build.0 = Debug|Any CPU
		{4D975CA5-510A-45CF-820E-FF67A2F73D6B}.Release|Any CPU.ActiveCfg = Release|Any CPU
		{4D975CA5-510A-45CF-820E-FF67A2F73D6B}.Release|Any CPU.Build.0 = Release|Any CPU
	EndGlobalSection
	GlobalSection(SolutionProperties) = preSolution
		HideSolutionNode = FALSE
	EndGlobalSection
	GlobalSection(ExtensibilityGlobals) = postSolution
		SolutionGuid = {91D69EF0-066C-42F7-B587-7F659D99C55B}
	EndGlobalSection
EndGlobal
